{
    "_readme": [
        "This file locks the dependencies of your project to a known state",
        "Read more about it at https://getcomposer.org/doc/01-basic-usage.md#composer-lock-the-lock-file",
        "This file is @generated automatically"
    ],
    "hash": "e9fff6056afbf6a8339a1df125b9725e",
    "content-hash": "04218c07b527f086a7246cb0a183bfcb",
    "packages": [
        {
            "name": "escapestudios/symfony2-coding-standard",
            "version": "2.9.0",
            "source": {
                "type": "git",
                "url": "https://github.com/escapestudios/Symfony2-coding-standard.git",
                "reference": "9560cf42efb6a66dd6c946cc06e2eb6f29626dac"
            },
            "dist": {
                "type": "tar",
                "url": "https://git.whotrades.net/external/dist/escapestudios-symfony2-coding-standard-2.9.0-f3d4ff.tar",
                "reference": "9560cf42efb6a66dd6c946cc06e2eb6f29626dac",
                "shasum": "70813c11a9d9362f01940e23cc3533432d7f429a"
            },
            "require": {
                "squizlabs/php_codesniffer": "~2.0"
            },
            "type": "coding-standard",
            "extra": {
                "branch-alias": {
                    "dev-master": "2.x-dev"
                }
            },
            "license": [
                "MIT"
            ],
            "authors": [
                {
                    "name": "David Joos",
                    "email": "david.joos@escapestudios.com"
                },
                {
                    "name": "Community contributors",
                    "homepage": "https://github.com/escapestudios/Symfony2-coding-standard/graphs/contributors"
                }
            ],
            "description": "CodeSniffer ruleset for the Symfony2 coding standard",
            "homepage": "https://github.com/escapestudios/Symfony2-coding-standard",
            "keywords": [
                "Symfony2",
                "coding standard",
                "phpcs"
            ],
            "support": {
                "source": "https://github.com/escapestudios/Symfony2-coding-standard",
                "issues": "https://github.com/escapestudios/Symfony2-coding-standard/issues"
            },
            "time": "2016-01-22 12:43:53"
        },
        {
            "name": "evenement/evenement",
            "version": "v2.0.0",
            "source": {
                "type": "git",
                "url": "https://github.com/igorw/evenement.git",
                "reference": "f6e843799fd4f4184d54d8fc7b5b3551c9fa803e"
            },
            "dist": {
                "type": "tar",
                "url": "https://git.whotrades.net/external/dist/evenement-evenement-v2.0.0-f65b45.tar",
                "reference": "f6e843799fd4f4184d54d8fc7b5b3551c9fa803e",
                "shasum": "a8ff647685beda62b09cdf918a33ec30929e566b"
            },
            "require": {
                "php": ">=5.4.0"
            },
            "type": "library",
            "extra": {
                "branch-alias": {
                    "dev-master": "2.0-dev"
                }
            },
            "autoload": {
                "psr-0": {
                    "Evenement": "src"
                }
            },
            "license": [
                "MIT"
            ],
            "authors": [
                {
                    "name": "Igor Wiedler",
                    "email": "igor@wiedler.ch"
                }
            ],
            "description": "Événement is a very simple event dispatching library for PHP",
            "keywords": [
                "event-dispatcher",
                "event-emitter"
            ],
            "time": "2012-11-02 14:49:44"
        },
        {
            "name": "guzzlehttp/guzzle",
            "version": "5.3.0",
            "source": {
                "type": "git",
                "url": "https://github.com/guzzle/guzzle.git",
                "reference": "5704fe9adfcbb5df01597a29acadf65daa5be2c1"
            },
            "dist": {
                "type": "tar",
                "url": "https://git.whotrades.net/external/dist/guzzlehttp-guzzle-5.3.0-731b7d.tar",
                "reference": "5704fe9adfcbb5df01597a29acadf65daa5be2c1",
                "shasum": "b063789344e347873b8f398e352b4098121e2f11"
            },
            "require": {
                "guzzlehttp/ringphp": "^1.1",
                "php": ">=5.4.0"
            },
            "require-dev": {
                "ext-curl": "*",
                "phpunit/phpunit": "^4.0",
                "psr/log": "^1.0"
            },
            "type": "library",
            "extra": {
                "branch-alias": {
                    "dev-master": "5.0-dev"
                }
            },
            "autoload": {
                "psr-4": {
                    "GuzzleHttp\\": "src/"
                }
            },
            "autoload-dev": {
                "psr-4": {
                    "GuzzleHttp\\Tests\\": "tests/"
                }
            },
            "license": [
                "MIT"
            ],
            "authors": [
                {
                    "name": "Michael Dowling",
                    "email": "mtdowling@gmail.com",
                    "homepage": "https://github.com/mtdowling"
                }
            ],
            "description": "Guzzle is a PHP HTTP client library and framework for building RESTful web service clients",
            "homepage": "http://guzzlephp.org/",
            "keywords": [
                "HTTP client",
                "client",
                "curl",
                "framework",
                "http",
                "rest",
                "web service"
            ],
            "time": "2015-05-20 03:47:55"
        },
        {
            "name": "guzzlehttp/ringphp",
            "version": "1.1.0",
            "source": {
                "type": "git",
                "url": "https://github.com/guzzle/RingPHP.git",
                "reference": "dbbb91d7f6c191e5e405e900e3102ac7f261bc0b"
            },
            "dist": {
                "type": "tar",
                "url": "https://git.whotrades.net/external/dist/guzzlehttp-ringphp-1.1.0-6654cd.tar",
                "reference": "dbbb91d7f6c191e5e405e900e3102ac7f261bc0b",
                "shasum": "93879f841503437006ed493831e8420b4d7550dc"
            },
            "require": {
                "guzzlehttp/streams": "~3.0",
                "php": ">=5.4.0",
                "react/promise": "~2.0"
            },
            "require-dev": {
                "ext-curl": "*",
                "phpunit/phpunit": "~4.0"
            },
            "suggest": {
                "ext-curl": "Guzzle will use specific adapters if cURL is present"
            },
            "type": "library",
            "extra": {
                "branch-alias": {
                    "dev-master": "1.1-dev"
                }
            },
            "autoload": {
                "psr-4": {
                    "GuzzleHttp\\Ring\\": "src/"
                }
            },
            "autoload-dev": {
                "psr-4": {
                    "GuzzleHttp\\Tests\\Ring\\": "tests/"
                }
            },
            "license": [
                "MIT"
            ],
            "authors": [
                {
                    "name": "Michael Dowling",
                    "email": "mtdowling@gmail.com",
                    "homepage": "https://github.com/mtdowling"
                }
            ],
            "description": "Provides a simple API and specification that abstracts away the details of HTTP into a single PHP function.",
            "time": "2015-05-20 03:37:09"
        },
        {
            "name": "guzzlehttp/streams",
            "version": "3.0.0",
            "source": {
                "type": "git",
                "url": "https://github.com/guzzle/streams.git",
                "reference": "47aaa48e27dae43d39fc1cea0ccf0d84ac1a2ba5"
            },
            "dist": {
                "type": "tar",
                "url": "https://git.whotrades.net/external/dist/guzzlehttp-streams-3.0.0-c67b5d.tar",
                "reference": "47aaa48e27dae43d39fc1cea0ccf0d84ac1a2ba5",
                "shasum": "3af786891d906228cd7fcbad55388ee5e8a88308"
            },
            "require": {
                "php": ">=5.4.0"
            },
            "require-dev": {
                "phpunit/phpunit": "~4.0"
            },
            "type": "library",
            "extra": {
                "branch-alias": {
                    "dev-master": "3.0-dev"
                }
            },
            "autoload": {
                "psr-4": {
                    "GuzzleHttp\\Stream\\": "src/"
                }
            },
            "license": [
                "MIT"
            ],
            "authors": [
                {
                    "name": "Michael Dowling",
                    "email": "mtdowling@gmail.com",
                    "homepage": "https://github.com/mtdowling"
                }
            ],
            "description": "Provides a simple abstraction over streams of data",
            "homepage": "http://guzzlephp.org/",
            "keywords": [
                "guzzle",
                "stream"
            ],
            "time": "2014-10-12 19:12:31"
        },
        {
            "name": "monolog/monolog",
            "version": "1.19.0",
            "source": {
                "type": "git",
                "url": "https://github.com/Seldaek/monolog.git",
                "reference": "5f56ed5212dc509c8dc8caeba2715732abb32dbf"
            },
            "dist": {
                "type": "tar",
                "url": "https://git.whotrades.net/external/dist/monolog-monolog-1.19.0-de3e55.tar",
                "reference": "5f56ed5212dc509c8dc8caeba2715732abb32dbf",
                "shasum": "25aedc1303d4c42c972d27a04192f7f7cb012e80"
            },
            "require": {
                "php": ">=5.3.0",
                "psr/log": "~1.0"
            },
            "provide": {
                "psr/log-implementation": "1.0.0"
            },
            "require-dev": {
                "aws/aws-sdk-php": "^2.4.9",
                "doctrine/couchdb": "~1.0@dev",
                "graylog2/gelf-php": "~1.0",
                "jakub-onderka/php-parallel-lint": "0.9",
                "php-amqplib/php-amqplib": "~2.4",
                "php-console/php-console": "^3.1.3",
                "phpunit/phpunit": "~4.5",
                "phpunit/phpunit-mock-objects": "2.3.0",
                "raven/raven": "^0.13",
                "ruflin/elastica": ">=0.90 <3.0",
                "swiftmailer/swiftmailer": "~5.3"
            },
            "suggest": {
                "aws/aws-sdk-php": "Allow sending log messages to AWS services like DynamoDB",
                "doctrine/couchdb": "Allow sending log messages to a CouchDB server",
                "ext-amqp": "Allow sending log messages to an AMQP server (1.0+ required)",
                "ext-mongo": "Allow sending log messages to a MongoDB server",
                "graylog2/gelf-php": "Allow sending log messages to a GrayLog2 server",
                "mongodb/mongodb": "Allow sending log messages to a MongoDB server via PHP Driver",
                "php-amqplib/php-amqplib": "Allow sending log messages to an AMQP server using php-amqplib",
                "php-console/php-console": "Allow sending log messages to Google Chrome",
                "raven/raven": "Allow sending log messages to a Sentry server",
                "rollbar/rollbar": "Allow sending log messages to Rollbar",
                "ruflin/elastica": "Allow sending log messages to an Elastic Search server"
            },
            "type": "library",
            "extra": {
                "branch-alias": {
                    "dev-master": "2.0.x-dev"
                }
            },
            "autoload": {
                "psr-4": {
                    "Monolog\\": "src/Monolog"
                }
            },
            "autoload-dev": {
                "psr-4": {
                    "Monolog\\": "tests/Monolog"
                }
            },
            "scripts": {
                "test": [
                    "parallel-lint . --exclude vendor",
                    "phpunit"
                ]
            },
            "license": [
                "MIT"
            ],
            "authors": [
                {
                    "name": "Jordi Boggiano",
                    "email": "j.boggiano@seld.be",
                    "homepage": "http://seld.be"
                }
            ],
            "description": "Sends your logs to files, sockets, inboxes, databases and various web services",
            "homepage": "http://github.com/Seldaek/monolog",
            "keywords": [
                "log",
                "logging",
                "psr-3"
            ],
            "time": "2016-04-12 18:29:35"
        },
        {
            "name": "psr/log",
            "version": "1.0.0",
            "source": {
                "type": "git",
                "url": "https://github.com/php-fig/log.git",
                "reference": "fe0936ee26643249e916849d48e3a51d5f5e278b"
            },
            "dist": {
                "type": "tar",
                "url": "https://git.whotrades.net/external/dist/psr-log-1.0.0-e71523.tar",
                "reference": "fe0936ee26643249e916849d48e3a51d5f5e278b",
                "shasum": "1e8f522b4f8e9311f09a5ae126ea224c8db04580"
            },
            "type": "library",
            "autoload": {
                "psr-0": {
                    "Psr\\Log\\": ""
                }
            },
            "license": [
                "MIT"
            ],
            "authors": [
                {
                    "name": "PHP-FIG",
                    "homepage": "http://www.php-fig.org/"
                }
            ],
            "description": "Common interface for logging libraries",
            "keywords": [
                "log",
                "psr",
                "psr-3"
            ],
            "time": "2012-12-21 11:40:51"
        },
        {
            "name": "react/event-loop",
            "version": "v0.4.2",
            "source": {
                "type": "git",
                "url": "https://github.com/reactphp/event-loop.git",
                "reference": "164799f73175e1c80bba92a220ea35df6ca371dd"
            },
            "dist": {
                "type": "tar",
                "url": "https://git.whotrades.net/external/dist/react-event-loop-v0.4.2-d12932.tar",
                "reference": "164799f73175e1c80bba92a220ea35df6ca371dd",
                "shasum": "54cbac648aba1655edc9ecb67974ec84fc1ffa67"
            },
            "require": {
                "php": ">=5.4.0"
            },
            "suggest": {
                "ext-event": "~1.0",
                "ext-libev": "*",
                "ext-libevent": ">=0.1.0"
            },
            "type": "library",
            "extra": {
                "branch-alias": {
                    "dev-master": "0.5-dev"
                }
            },
            "autoload": {
                "psr-4": {
                    "React\\EventLoop\\": "src"
                }
            },
            "license": [
                "MIT"
            ],
            "description": "Event loop abstraction layer that libraries can use for evented I/O.",
            "keywords": [
                "asynchronous",
                "event-loop"
            ],
            "time": "2016-03-08 02:09:32"
        },
        {
            "name": "react/promise",
            "version": "v2.4.1",
            "source": {
                "type": "git",
                "url": "https://github.com/reactphp/promise.git",
                "reference": "f8fa5935d6cea970847844c2cf8ffac421a94b73"
            },
            "dist": {
                "type": "tar",
                "url": "https://git.whotrades.net/external/dist/react-promise-v2.4.1-f61f70.tar",
                "reference": "f8fa5935d6cea970847844c2cf8ffac421a94b73",
                "shasum": "1c2ae7640e572c941ad922ee7ae167fe2988e729"
            },
            "require": {
                "php": ">=5.4.0"
            },
            "type": "library",
            "extra": {
                "branch-alias": {
                    "dev-master": "2.0-dev"
                }
            },
            "autoload": {
                "psr-4": {
                    "React\\Promise\\": "src/"
                },
                "files": [
                    "src/functions_include.php"
                ]
            },
            "autoload-dev": {
                "psr-4": {
                    "React\\Promise\\": "tests/fixtures"
                }
            },
            "license": [
                "MIT"
            ],
            "authors": [
                {
                    "name": "Jan Sorgalla",
                    "email": "jsorgalla@gmail.com"
                }
            ],
            "description": "A lightweight implementation of CommonJS Promises/A for PHP",
            "time": "2016-05-03 17:50:52"
        },
        {
            "name": "react/zmq",
            "version": "v0.3.0",
            "source": {
                "type": "git",
                "url": "https://github.com/reactphp/zmq.git",
                "reference": "2865e3b23000751ed443d3f108da2735abf80716"
            },
            "dist": {
                "type": "tar",
                "url": "https://git.whotrades.net/external/dist/react-zmq-v0.3.0-a7318e.tar",
                "reference": "2865e3b23000751ed443d3f108da2735abf80716",
                "shasum": "6132adf1c709e8d15c9c1ec47411b3b802d71999"
            },
            "require": {
                "evenement/evenement": "~2.0",
                "ext-zmq": "*",
                "php": ">=5.4.0",
                "react/event-loop": "0.4.*"
            },
            "require-dev": {
                "ext-pcntl": "*"
            },
            "type": "library",
            "extra": {
                "branch-alias": {
                    "dev-master": "0.4-dev"
                }
            },
            "autoload": {
                "psr-0": {
                    "React\\ZMQ": "src"
                }
            },
            "license": [
                "MIT"
            ],
            "description": "ZeroMQ bindings for React.",
            "keywords": [
                "zeromq",
                "zmq"
            ],
            "time": "2014-05-25 17:54:51"
        },
        {
            "name": "sentry/sentry",
            "version": "0.16.0",
            "source": {
                "type": "git",
                "url": "https://github.com/getsentry/sentry-php.git",
                "reference": "4f0c25064f9c50f67a810d1891bfd161bd906250"
            },
            "dist": {
                "type": "tar",
                "url": "https://git.whotrades.net/external/dist/sentry-sentry-0.16.0-af33f6.tar",
                "reference": "4f0c25064f9c50f67a810d1891bfd161bd906250",
                "shasum": "2db33661ee444bf3ca3b080520404b8e02915d9b"
            },
            "require": {
                "ext-curl": "*",
                "monolog/monolog": "*",
                "php": ">=5.2.4"
            },
            "require-dev": {
                "fabpot/php-cs-fixer": "^1.8.0",
                "phpunit/phpunit": "^4.6.6"
            },
            "bin": [
                "bin/sentry"
            ],
            "type": "library",
            "extra": {
                "branch-alias": {
                    "dev-master": "0.16.x-dev"
                }
            },
            "autoload": {
                "psr-0": {
                    "Raven_": "lib/"
                }
            },
            "license": [
                "BSD-3-Clause"
            ],
            "authors": [
                {
                    "name": "David Cramer",
                    "email": "dcramer@gmail.com"
                }
            ],
            "description": "A PHP client for Sentry (http://getsentry.com)",
            "homepage": "http://getsentry.com",
            "keywords": [
                "log",
                "logging"
            ],
            "time": "2016-05-03 20:11:27"
        },
        {
            "name": "squizlabs/php_codesniffer",
            "version": "2.6.1",
            "source": {
                "type": "git",
                "url": "https://github.com/squizlabs/PHP_CodeSniffer.git",
                "reference": "b94c13627928b8faf8173a8b8dd8db2a05f9e088"
            },
            "dist": {
                "type": "tar",
                "url": "https://git.whotrades.net/external/dist/squizlabs-php_codesniffer-2.6.1-9ff02e.tar",
                "reference": "b94c13627928b8faf8173a8b8dd8db2a05f9e088",
                "shasum": "ab76d5ade4f2ca0eb471755e4185eff9b83022a2"
            },
            "require": {
                "ext-simplexml": "*",
                "ext-tokenizer": "*",
                "ext-xmlwriter": "*",
                "php": ">=5.1.2"
            },
            "require-dev": {
                "phpunit/phpunit": "~4.0"
            },
            "bin": [
                "scripts/phpcs",
                "scripts/phpcbf"
            ],
            "type": "library",
            "extra": {
                "branch-alias": {
                    "dev-master": "2.x-dev"
                }
            },
            "autoload": {
                "classmap": [
                    "CodeSniffer.php",
                    "CodeSniffer/CLI.php",
                    "CodeSniffer/Exception.php",
                    "CodeSniffer/File.php",
                    "CodeSniffer/Fixer.php",
                    "CodeSniffer/Report.php",
                    "CodeSniffer/Reporting.php",
                    "CodeSniffer/Sniff.php",
                    "CodeSniffer/Tokens.php",
                    "CodeSniffer/Reports/",
                    "CodeSniffer/Tokenizers/",
                    "CodeSniffer/DocGenerators/",
                    "CodeSniffer/Standards/AbstractPatternSniff.php",
                    "CodeSniffer/Standards/AbstractScopeSniff.php",
                    "CodeSniffer/Standards/AbstractVariableSniff.php",
                    "CodeSniffer/Standards/IncorrectPatternException.php",
                    "CodeSniffer/Standards/Generic/Sniffs/",
                    "CodeSniffer/Standards/MySource/Sniffs/",
                    "CodeSniffer/Standards/PEAR/Sniffs/",
                    "CodeSniffer/Standards/PSR1/Sniffs/",
                    "CodeSniffer/Standards/PSR2/Sniffs/",
                    "CodeSniffer/Standards/Squiz/Sniffs/",
                    "CodeSniffer/Standards/Zend/Sniffs/"
                ]
            },
            "license": [
                "BSD-3-Clause"
            ],
            "authors": [
                {
                    "name": "Greg Sherwood",
                    "role": "lead"
                }
            ],
            "description": "PHP_CodeSniffer tokenizes PHP, JavaScript and CSS files and detects violations of a defined set of coding standards.",
            "homepage": "http://www.squizlabs.com/php-codesniffer",
            "keywords": [
                "phpcs",
                "standards"
            ],
            "support": {
                "issues": "https://github.com/squizlabs/PHP_CodeSniffer/issues",
                "wiki": "https://github.com/squizlabs/PHP_CodeSniffer/wiki",
                "source": "https://github.com/squizlabs/PHP_CodeSniffer"
            },
            "time": "2016-05-30 22:24:32"
        },
        {
            "name": "whotrades/phpcs-stash",
            "version": "0.0.12",
            "source": {
                "type": "git",
                "url": "https://github.com/WhoTrades/phpcs-stash.git",
                "reference": "bd0712523847ea605a288348f592fa37cb4e7854"
            },
            "dist": {
                "type": "tar",
                "url": "https://git.whotrades.net/external/dist/whotrades-phpcs-stash-0.0.12-2355b1.tar",
                "reference": "bd0712523847ea605a288348f592fa37cb4e7854",
                "shasum": "432ebe34dbeb27774aadf6327631782c1961e043"
            },
            "require": {
                "guzzlehttp/guzzle": "~5.3",
                "monolog/monolog": "~1.17",
                "php": "~5.4",
                "squizlabs/php_codesniffer": "~2.5"
            },
            "type": "library",
            "autoload": {
                "psr-4": {
                    "PhpCsStash\\": "lib/"
                }
            },
            "description": "Integration between phpcs and atlassian stash",
            "time": "2016-06-14 13:25:17"
        }
    ],
    "packages-dev": [],
    "aliases": [],
    "minimum-stability": "stable",
    "stability-flags": [],
    "prefer-stable": false,
    "prefer-lowest": false,
    "platform": {
        "php": ">=5.6.0"
    },
    "platform-dev": []
}
